
Microsoft Visual Studio Solution File, Format Version 12.00
# Visual Studio Version 17
VisualStudioVersion = 17.4.33110.190
MinimumVisualStudioVersion = 10.0.40219.1
Project("{9A19103F-16F7-4668-BE54-9A1E7A4F7556}") = "BankingSystem", "BankingSystem\BankingSystem.csproj", "{BF4A231C-F76D-4BDC-A794-DDAE6D797586}"
EndProject
Project("{FAE04EC0-301F-11D3-BF4B-00C04F79EFBC}") = "BankingSystem.UnitTests", "BankingSystem.UnitTests\BankingSystem.UnitTests.csproj", "{D3BF73EB-43DC-4AB0-9EF1-4A59F4397D09}"
EndProject
Project("{E53339B2-1760-4266-BCC7-CA923CBCF16C}") = "docker-compose", "docker-compose.dcproj", "{DAF547CA-6919-4377-BD83-F7FD0D3F1482}"
EndProject
Project("{FAE04EC0-301F-11D3-BF4B-00C04F79EFBC}") = "BankingSystem.BL", "BankingSystem.BL\BankingSystem.BL.csproj", "{F8A73DF8-9FCF-4008-902B-3D66FFD7B8BC}"
EndProject
Project("{FAE04EC0-301F-11D3-BF4B-00C04F79EFBC}") = "BankingSystem.DAL", "BankingSystem.DAL\BankingSystem.DAL.csproj", "{44E74C3E-9D0F-4B4E-993F-B42374AF9F7E}"
EndProject
Global
	GlobalSection(SolutionConfigurationPlatforms) = preSolution
		Debug|Any CPU = Debug|Any CPU
		Release|Any CPU = Release|Any CPU
	EndGlobalSection
	GlobalSection(ProjectConfigurationPlatforms) = postSolution
		{BF4A231C-F76D-4BDC-A794-DDAE6D797586}.Debug|Any CPU.ActiveCfg = Debug|Any CPU
		{BF4A231C-F76D-4BDC-A794-DDAE6D797586}.Debug|Any CPU.Build.0 = Debug|Any CPU
		{BF4A231C-F76D-4BDC-A794-DDAE6D797586}.Release|Any CPU.ActiveCfg = Release|Any CPU
		{BF4A231C-F76D-4BDC-A794-DDAE6D797586}.Release|Any CPU.Build.0 = Release|Any CPU
		{D3BF73EB-43DC-4AB0-9EF1-4A59F4397D09}.Debug|Any CPU.ActiveCfg = Debug|Any CPU
		{D3BF73EB-43DC-4AB0-9EF1-4A59F4397D09}.Debug|Any CPU.Build.0 = Debug|Any CPU
		{D3BF73EB-43DC-4AB0-9EF1-4A59F4397D09}.Release|Any CPU.ActiveCfg = Release|Any CPU
		{D3BF73EB-43DC-4AB0-9EF1-4A59F4397D09}.Release|Any CPU.Build.0 = Release|Any CPU
		{DAF547CA-6919-4377-BD83-F7FD0D3F1482}.Debug|Any CPU.ActiveCfg = Debug|Any CPU
		{DAF547CA-6919-4377-BD83-F7FD0D3F1482}.Debug|Any CPU.Build.0 = Debug|Any CPU
		{DAF547CA-6919-4377-BD83-F7FD0D3F1482}.Release|Any CPU.ActiveCfg = Release|Any CPU
		{DAF547CA-6919-4377-BD83-F7FD0D3F1482}.Release|Any CPU.Build.0 = Release|Any CPU
		{F8A73DF8-9FCF-4008-902B-3D66FFD7B8BC}.Debug|Any CPU.ActiveCfg = Debug|Any CPU
		{F8A73DF8-9FCF-4008-902B-3D66FFD7B8BC}.Debug|Any CPU.Build.0 = Debug|Any CPU
		{F8A73DF8-9FCF-4008-902B-3D66FFD7B8BC}.Release|Any CPU.ActiveCfg = Release|Any CPU
		{F8A73DF8-9FCF-4008-902B-3D66FFD7B8BC}.Release|Any CPU.Build.0 = Release|Any CPU
		{44E74C3E-9D0F-4B4E-993F-B42374AF9F7E}.Debug|Any CPU.ActiveCfg = Debug|Any CPU
		{44E74C3E-9D0F-4B4E-993F-B42374AF9F7E}.Debug|Any CPU.Build.0 = Debug|Any CPU
		{44E74C3E-9D0F-4B4E-993F-B42374AF9F7E}.Release|Any CPU.ActiveCfg = Release|Any CPU
		{44E74C3E-9D0F-4B4E-993F-B42374AF9F7E}.Release|Any CPU.Build.0 = Release|Any CPU
	EndGlobalSection
	GlobalSection(SolutionProperties) = preSolution
		HideSolutionNode = FALSE
	EndGlobalSection
	GlobalSection(ExtensibilityGlobals) = postSolution
		SolutionGuid = {068E8A7D-2D2F-45DD-B456-B48DCA74495F}
	EndGlobalSection
EndGlobal
